
Microsoft Visual Studio Solution File, Format Version 12.00
# Visual Studio Version 17
VisualStudioVersion = 17.1.32210.238
MinimumVisualStudioVersion = 10.0.40219.1
Project("{9A19103F-16F7-4668-BE54-9A1E7A4F7556}") = "DL", "DL\DL.csproj", "{88AB3028-E5B5-435E-BA57-4D61945079B9}"
EndProject
Project("{9A19103F-16F7-4668-BE54-9A1E7A4F7556}") = "ML", "ML\ML.csproj", "{9D6B2A9E-BB94-4507-9BD4-36A586C3D4C5}"
EndProject
Project("{9A19103F-16F7-4668-BE54-9A1E7A4F7556}") = "PL", "PL\PL.csproj", "{21693A30-507B-4230-A6DE-F38BD54BA9EC}"
EndProject
Project("{FAE04EC0-301F-11D3-BF4B-00C04F79EFBC}") = "BL", "BL\BL.csproj", "{3C746F65-6A06-47E6-99CE-2C7714641C64}"
EndProject
Global
	GlobalSection(SolutionConfigurationPlatforms) = preSolution
		Debug|Any CPU = Debug|Any CPU
		Release|Any CPU = Release|Any CPU
	EndGlobalSection
	GlobalSection(ProjectConfigurationPlatforms) = postSolution
		{88AB3028-E5B5-435E-BA57-4D61945079B9}.Debug|Any CPU.ActiveCfg = Debug|Any CPU
		{88AB3028-E5B5-435E-BA57-4D61945079B9}.Debug|Any CPU.Build.0 = Debug|Any CPU
		{88AB3028-E5B5-435E-BA57-4D61945079B9}.Release|Any CPU.ActiveCfg = Release|Any CPU
		{88AB3028-E5B5-435E-BA57-4D61945079B9}.Release|Any CPU.Build.0 = Release|Any CPU
		{9D6B2A9E-BB94-4507-9BD4-36A586C3D4C5}.Debug|Any CPU.ActiveCfg = Debug|Any CPU
		{9D6B2A9E-BB94-4507-9BD4-36A586C3D4C5}.Debug|Any CPU.Build.0 = Debug|Any CPU
		{9D6B2A9E-BB94-4507-9BD4-36A586C3D4C5}.Release|Any CPU.ActiveCfg = Release|Any CPU
		{9D6B2A9E-BB94-4507-9BD4-36A586C3D4C5}.Release|Any CPU.Build.0 = Release|Any CPU
		{21693A30-507B-4230-A6DE-F38BD54BA9EC}.Debug|Any CPU.ActiveCfg = Debug|Any CPU
		{21693A30-507B-4230-A6DE-F38BD54BA9EC}.Debug|Any CPU.Build.0 = Debug|Any CPU
		{21693A30-507B-4230-A6DE-F38BD54BA9EC}.Release|Any CPU.ActiveCfg = Release|Any CPU
		{21693A30-507B-4230-A6DE-F38BD54BA9EC}.Release|Any CPU.Build.0 = Release|Any CPU
		{3C746F65-6A06-47E6-99CE-2C7714641C64}.Debug|Any CPU.ActiveCfg = Debug|Any CPU
		{3C746F65-6A06-47E6-99CE-2C7714641C64}.Debug|Any CPU.Build.0 = Debug|Any CPU
		{3C746F65-6A06-47E6-99CE-2C7714641C64}.Release|Any CPU.ActiveCfg = Release|Any CPU
		{3C746F65-6A06-47E6-99CE-2C7714641C64}.Release|Any CPU.Build.0 = Release|Any CPU
	EndGlobalSection
	GlobalSection(SolutionProperties) = preSolution
		HideSolutionNode = FALSE
	EndGlobalSection
	GlobalSection(ExtensibilityGlobals) = postSolution
		SolutionGuid = {B0AF7C37-87C7-4437-B104-0A0C16048A0E}
	EndGlobalSection
EndGlobal
